
Microsoft Visual Studio Solution File, Format Version 12.00
# Visual Studio Version 16
VisualStudioVersion = 16.0.31005.135
MinimumVisualStudioVersion = 10.0.40219.1
Project("{FAE04EC0-301F-11D3-BF4B-00C04F79EFBC}") = "LR2", "LR2\LR2.csproj", "{88E237EE-C671-43D8-9C6F-2806B65F9CE2}"
EndProject
Global
	GlobalSection(SolutionConfigurationPlatforms) = preSolution
		Debug|Any CPU = Debug|Any CPU
		Release|Any CPU = Release|Any CPU
	EndGlobalSection
	GlobalSection(ProjectConfigurationPlatforms) = postSolution
		{88E237EE-C671-43D8-9C6F-2806B65F9CE2}.Debug|Any CPU.ActiveCfg = Debug|Any CPU
		{88E237EE-C671-43D8-9C6F-2806B65F9CE2}.Debug|Any CPU.Build.0 = Debug|Any CPU
		{88E237EE-C671-43D8-9C6F-2806B65F9CE2}.Release|Any CPU.ActiveCfg = Release|Any CPU
		{88E237EE-C671-43D8-9C6F-2806B65F9CE2}.Release|Any CPU.Build.0 = Release|Any CPU
	EndGlobalSection
	GlobalSection(SolutionProperties) = preSolution
		HideSolutionNode = FALSE
	EndGlobalSection
	GlobalSection(ExtensibilityGlobals) = postSolution
		SolutionGuid = {EB23DF12-5482-4A06-A1CA-FB3A60C5ADD7}
	EndGlobalSection
EndGlobal
